
Microsoft Visual Studio Solution File, Format Version 12.00
# Visual Studio 2013
VisualStudioVersion = 12.0.31101.0
MinimumVisualStudioVersion = 10.0.40219.1
Project("{FAE04EC0-301F-11D3-BF4B-00C04F79EFBC}") = "KinectPowerPoint", "KinectPowerPoint\KinectPowerPoint.csproj", "{27DD6E97-7B6B-458B-AA4F-1C62C2DFEAA8}"
EndProject
Global
	GlobalSection(SolutionConfigurationPlatforms) = preSolution
		Debug|Any CPU = Debug|Any CPU
		Release|Any CPU = Release|Any CPU
	EndGlobalSection
	GlobalSection(ProjectConfigurationPlatforms) = postSolution
		{27DD6E97-7B6B-458B-AA4F-1C62C2DFEAA8}.Debug|Any CPU.ActiveCfg = Debug|Any CPU
		{27DD6E97-7B6B-458B-AA4F-1C62C2DFEAA8}.Debug|Any CPU.Build.0 = Debug|Any CPU
		{27DD6E97-7B6B-458B-AA4F-1C62C2DFEAA8}.Release|Any CPU.ActiveCfg = Release|Any CPU
		{27DD6E97-7B6B-458B-AA4F-1C62C2DFEAA8}.Release|Any CPU.Build.0 = Release|Any CPU
	EndGlobalSection
	GlobalSection(SolutionProperties) = preSolution
		HideSolutionNode = FALSE
	EndGlobalSection
EndGlobal
